<Solution>
  <Folder Name="/Bootstrap projects/">
    <Project Path="Bootstrap5ToastExampleApp/Bootstrap5ToastExampleApp.csproj" />
    <Project Path="BootstrapComponentsApp/BootstrapComponentsApp.csproj" Id="0158b0aa-c496-449a-8b9b-f979397a5922" />
  </Folder>
  <Folder Name="/Class projects/">
    <Project Path="CommonLibrary/CommonLibrary.csproj" />
    <Project Path="EntityFrameworkLibrary/EntityFrameworkLibrary.csproj" Id="b1463bab-13f0-475c-83c0-48340918bbd1" />
    <Project Path="ExtensionsLibrary/ExtensionsLibrary.csproj" />
    <Project Path="FluenyValidationLibrary/FluenyValidationLibrary.csproj" Id="6e01ba9f-40c1-4ca5-9532-dab687725217" />
    <Project Path="SpectreConsoleLibrary/SpectreConsoleLibrary.csproj" Id="ce05f1b4-e4c5-4450-94e0-4ad6270b1935" />
  </Folder>
  <Folder Name="/Console projects/" />
  <Folder Name="/Console projects/Dapper SQL Server/">
    <Project Path="DeleteDuplicateRowsSqlServerTable/DeleteDuplicateRowsSqlServerTable.csproj" />
  </Folder>
  <Folder Name="/Console projects/EF Core/">
    <Project Path="EF_Core_MaskingSample/EF_Core_MaskingSample.csproj" />
    <Project Path="EF_JsonHybridSample/EF_JsonHybridSample.csproj" Id="2e016b6d-c62f-4cee-b7e2-84ea0379fefa" />
    <Project Path="ExecuteUpdateCodeSamples/ExecuteUpdateCodeSamples.csproj" Id="dfaa6fc7-f252-4ffa-bdda-f91985e04f1e" />
    <Project Path="HasConversionDictionary/HasConversionDictionary.csproj" />
    <Project Path="HasConversion_Bool_ColorApp/HasConversion_Bool_ColorApp.csproj" />
    <Project Path="NamedQueryFiltersApp/NamedQueryFiltersApp.csproj" Id="f4e09bc4-7702-43d4-b345-02e9eaee5672" />
    <Project Path="ParameterizedCollectionModeSample/ParameterizedCollectionModeSample.csproj" Id="3536f28b-254f-43bf-99f1-87a56c72a727" />
    <Project Path="QueryFiltersApp/QueryFiltersApp.csproj" Id="09e921f3-808f-4a0f-bab4-7f654026c4c0" />
    <Project Path="UseIdentityColumnSample/UseIdentityColumnSample.csproj" Id="5259a569-f3bd-4639-a0a8-896184f62900" />
    <Project Path="ValueConversionsEncryptProperty/ValueConversionsEncryptProperty.csproj" />
  </Folder>
  <Folder Name="/Console projects/Excel/">
    <Project Path="ExcelMapperApp1/ExcelMapperApp1.csproj" />
  </Folder>
  <Folder Name="/Console projects/Experiments/">
    <Project Path="DotNetProjectScannerApp/DotNetProjectScannerApp.csproj" Id="c2a9eb75-daa3-421a-a0a6-b5c8bae3b0eb" />
    <Project Path="ExperimentsApp/ExperimentsApp.csproj" Id="a8af9089-04fc-478a-a893-4c8d89fc6c30" />
    <Project Path="ReadMockJsonUsingDapperApp/ReadMockJsonUsingDapperApp.csproj" Id="6b0b760b-7a8e-46b3-8ba2-d9f5093287c7" />
  </Folder>
  <Folder Name="/Console projects/Features/">
    <Project Path="BasicConsoleProject20261/BasicConsoleProject20261.csproj" Id="993119f1-b60e-422b-abd6-9f8bcfdd71b9" />
    <Project Path="ExtensionsApp/ExtensionsApp.csproj" Id="782aed98-60f1-4980-838f-6fdd50321bac" />
    <Project Path="FieldKeywordSample/FieldKeywordSample.csproj" />
    <Project Path="LambdaParametersApp/LambdaParametersApp.csproj" Id="0ec6652c-b26c-4cdd-9084-e3bec7273ca4" />
    <Project Path="MemoryCollectionAppsettingsSample/MemoryCollectionAppsettingsSample.csproj" Id="9264abdf-b3a1-4a39-9ee1-11f628a88a27" />
    <Project Path="NullConditionalAssignment/NullConditionalAssignment.csproj" Id="e52edbc5-dfb5-4602-b111-b11ff28bc22d" />
    <Project Path="NumericNodeSorterApp/NumericSorterApp.csproj" />
    <Project Path="PartialSamples1/PartialSamples1.csproj" />
  </Folder>
  <Folder Name="/Console projects/JSON examples/">
    <Project Path="RemovePropertyApp/RemovePropertyApp.csproj" />
  </Folder>
  <Folder Name="/Console projects/Serilog/">
    <Project Path="DestructuringSamples/DestructuringSamples.csproj" />
  </Folder>
  <Folder Name="/Console projects/Studio/">
    <Project Path="ViewExternalTools/ViewExternalTools.csproj" Id="91395e2b-c934-407b-884e-4e6f227b1fb9" />
  </Folder>
  <Folder Name="/Experiments projects/">
    <Project Path="Dummy/Dummy.csproj" Id="6ee9016e-2261-4c01-b357-1d623c2e9176" />
  </Folder>
  <Folder Name="/Solution Items/">
    <File Path=".editorconfig" />
    <File Path="readme.md" />
  </Folder>
  <Folder Name="/Tools/">
    <Project Path="FrameworkLifeCycle/FrameworkLifeCycle.csproj" Id="1de30548-f54a-4d32-ad76-b0c81b9d2a4e" />
    <Project Path="RamUsage/RamUsage.csproj" />
    <Project Path="UpdateFrameworkApp/UpdateFrameworkApp.csproj" />
    <Project Path="VsWhereDataApp/VsWhereDataApp.csproj" />
  </Folder>
  <Folder Name="/Web/">
    <Project Path="BootstrapToolTips/" Type="Website" DisplayName="BootstrapToolTips">
      <BuildType Project="Debug" />
      <Properties Name="WebsiteProperties">
        <Property Name="Debug.AspNetCompiler.Debug" Value="&quot;True&quot;" />
        <Property Name="Debug.AspNetCompiler.FixedNames" Value="&quot;false&quot;" />
        <Property Name="Debug.AspNetCompiler.ForceOverwrite" Value="&quot;true&quot;" />
        <Property Name="Debug.AspNetCompiler.PhysicalPath" Value="&quot;BootstrapToolTips\&quot;" />
        <Property Name="Debug.AspNetCompiler.TargetPath" Value="&quot;PrecompiledWeb\localhost_57917\&quot;" />
        <Property Name="Debug.AspNetCompiler.Updateable" Value="&quot;true&quot;" />
        <Property Name="Debug.AspNetCompiler.VirtualPath" Value="&quot;/localhost_57917&quot;" />
        <Property Name="Release.AspNetCompiler.Debug" Value="&quot;False&quot;" />
        <Property Name="Release.AspNetCompiler.FixedNames" Value="&quot;false&quot;" />
        <Property Name="Release.AspNetCompiler.ForceOverwrite" Value="&quot;true&quot;" />
        <Property Name="Release.AspNetCompiler.PhysicalPath" Value="&quot;BootstrapToolTips\&quot;" />
        <Property Name="Release.AspNetCompiler.TargetPath" Value="&quot;PrecompiledWeb\localhost_57917\&quot;" />
        <Property Name="Release.AspNetCompiler.Updateable" Value="&quot;true&quot;" />
        <Property Name="Release.AspNetCompiler.VirtualPath" Value="&quot;/localhost_57917&quot;" />
        <Property Name="TargetFrameworkMoniker" Value="&quot;.NETFramework,Version%3Dv4.0&quot;" />
        <Property Name="VWDPort" Value="&quot;57917&quot;" />
      </Properties>
    </Project>
    <Project Path="EnvironmentApplication/EnvironmentApplication.csproj" Id="8fdd2b2e-684d-44c4-b173-36c0f7a4c277" />
    <Project Path="GoogleTranslateFix/" Type="Website" DisplayName="GoogleTranslateFix">
      <BuildType Project="Debug" />
      <Properties Name="WebsiteProperties">
        <Property Name="Debug.AspNetCompiler.Debug" Value="&quot;True&quot;" />
        <Property Name="Debug.AspNetCompiler.FixedNames" Value="&quot;false&quot;" />
        <Property Name="Debug.AspNetCompiler.ForceOverwrite" Value="&quot;true&quot;" />
        <Property Name="Debug.AspNetCompiler.PhysicalPath" Value="&quot;GoogleTranslateFix\&quot;" />
        <Property Name="Debug.AspNetCompiler.TargetPath" Value="&quot;PrecompiledWeb\localhost_58219\&quot;" />
        <Property Name="Debug.AspNetCompiler.Updateable" Value="&quot;true&quot;" />
        <Property Name="Debug.AspNetCompiler.VirtualPath" Value="&quot;/localhost_58219&quot;" />
        <Property Name="Release.AspNetCompiler.Debug" Value="&quot;False&quot;" />
        <Property Name="Release.AspNetCompiler.FixedNames" Value="&quot;false&quot;" />
        <Property Name="Release.AspNetCompiler.ForceOverwrite" Value="&quot;true&quot;" />
        <Property Name="Release.AspNetCompiler.PhysicalPath" Value="&quot;GoogleTranslateFix\&quot;" />
        <Property Name="Release.AspNetCompiler.TargetPath" Value="&quot;PrecompiledWeb\localhost_58219\&quot;" />
        <Property Name="Release.AspNetCompiler.Updateable" Value="&quot;true&quot;" />
        <Property Name="Release.AspNetCompiler.VirtualPath" Value="&quot;/localhost_58219&quot;" />
        <Property Name="TargetFrameworkMoniker" Value="&quot;.NETFramework,Version%3Dv4.0&quot;" />
        <Property Name="VWDPort" Value="&quot;58219&quot;" />
      </Properties>
    </Project>
    <Project Path="SvgIconsSamples/" Type="Website" DisplayName="SvgIconsSamples">
      <BuildType Project="Debug" />
      <Properties Name="WebsiteProperties">
        <Property Name="Debug.AspNetCompiler.Debug" Value="&quot;True&quot;" />
        <Property Name="Debug.AspNetCompiler.FixedNames" Value="&quot;false&quot;" />
        <Property Name="Debug.AspNetCompiler.ForceOverwrite" Value="&quot;true&quot;" />
        <Property Name="Debug.AspNetCompiler.PhysicalPath" Value="&quot;SvgIconsSamples\&quot;" />
        <Property Name="Debug.AspNetCompiler.TargetPath" Value="&quot;PrecompiledWeb\localhost_63750\&quot;" />
        <Property Name="Debug.AspNetCompiler.Updateable" Value="&quot;true&quot;" />
        <Property Name="Debug.AspNetCompiler.VirtualPath" Value="&quot;/localhost_63750&quot;" />
        <Property Name="DefaultWebSiteLanguage" Value="&quot;Visual Basic&quot;" />
        <Property Name="Release.AspNetCompiler.Debug" Value="&quot;False&quot;" />
        <Property Name="Release.AspNetCompiler.FixedNames" Value="&quot;false&quot;" />
        <Property Name="Release.AspNetCompiler.ForceOverwrite" Value="&quot;true&quot;" />
        <Property Name="Release.AspNetCompiler.PhysicalPath" Value="&quot;SvgIconsSamples\&quot;" />
        <Property Name="Release.AspNetCompiler.TargetPath" Value="&quot;PrecompiledWeb\localhost_63750\&quot;" />
        <Property Name="Release.AspNetCompiler.Updateable" Value="&quot;true&quot;" />
        <Property Name="Release.AspNetCompiler.VirtualPath" Value="&quot;/localhost_63750&quot;" />
        <Property Name="TargetFrameworkMoniker" Value="&quot;.NETFramework,Version%3Dv4.7.2&quot;" />
        <Property Name="VWDPort" Value="&quot;63750&quot;" />
      </Properties>
    </Project>
  </Folder>
  <Folder Name="/Web/Class projects/">
    <Project Path="WebClassLibrary/WebClassLibrary.csproj" Id="1c11524d-19f0-498c-97ea-eee1fb29da8f" />
  </Folder>
  <Folder Name="/Web/Unusual/">
    <Project Path="MeterSample/" Type="Website" DisplayName="MeterSample">
      <BuildType Project="Debug" />
      <Properties Name="WebsiteProperties">
        <Property Name="Debug.AspNetCompiler.Debug" Value="&quot;True&quot;" />
        <Property Name="Debug.AspNetCompiler.FixedNames" Value="&quot;false&quot;" />
        <Property Name="Debug.AspNetCompiler.ForceOverwrite" Value="&quot;true&quot;" />
        <Property Name="Debug.AspNetCompiler.PhysicalPath" Value="&quot;MeterSample\&quot;" />
        <Property Name="Debug.AspNetCompiler.TargetPath" Value="&quot;PrecompiledWeb\localhost_62501\&quot;" />
        <Property Name="Debug.AspNetCompiler.Updateable" Value="&quot;true&quot;" />
        <Property Name="Debug.AspNetCompiler.VirtualPath" Value="&quot;/localhost_62501&quot;" />
        <Property Name="DefaultWebSiteLanguage" Value="&quot;Visual Basic&quot;" />
        <Property Name="Release.AspNetCompiler.Debug" Value="&quot;False&quot;" />
        <Property Name="Release.AspNetCompiler.FixedNames" Value="&quot;false&quot;" />
        <Property Name="Release.AspNetCompiler.ForceOverwrite" Value="&quot;true&quot;" />
        <Property Name="Release.AspNetCompiler.PhysicalPath" Value="&quot;MeterSample\&quot;" />
        <Property Name="Release.AspNetCompiler.TargetPath" Value="&quot;PrecompiledWeb\localhost_62501\&quot;" />
        <Property Name="Release.AspNetCompiler.Updateable" Value="&quot;true&quot;" />
        <Property Name="Release.AspNetCompiler.VirtualPath" Value="&quot;/localhost_62501&quot;" />
        <Property Name="TargetFrameworkMoniker" Value="&quot;.NETFramework,Version%3Dv4.7.2&quot;" />
        <Property Name="VWDPort" Value="&quot;62501&quot;" />
      </Properties>
    </Project>
    <Project Path="WebApplication1/WebApplication1.csproj" />
  </Folder>
  <Folder Name="/Web/Validation/">
    <Project Path="FluentWebApplication/FluentWebApplication.csproj" />
  </Folder>
</Solution>
