<Solution>
  <Folder Name="/Class projects/">
    <Project Path="ExtensionsLibrary/ExtensionsLibrary.csproj" />
  </Folder>
  <Folder Name="/Console projects/">
    <Project Path="NumericNodeSorterApp/NumericSorterApp.csproj" />
  </Folder>
  <Folder Name="/Solution Items/">
    <File Path="readme.md" />
  </Folder>
</Solution>
